
Microsoft Visual Studio Solution File, Format Version 12.00
# Visual Studio 2013
VisualStudioVersion = 12.0.31101.0
MinimumVisualStudioVersion = 10.0.40219.1
Project("{E24C65DC-7377-472B-9ABA-BC803B73C61A}") = "esri-jsapi4-angularjs", "http://localhost:64993", "{E650153F-34E7-44B4-A1C3-8EF01C96143D}"
	ProjectSection(WebsiteProperties) = preProject
		UseIISExpress = "true"
		TargetFrameworkMoniker = ".NETFramework,Version%3Dv4.0"
		Debug.AspNetCompiler.VirtualPath = "/localhost_64993"
		Debug.AspNetCompiler.PhysicalPath = "..\esri-jsapi4-angularjs\"
		Debug.AspNetCompiler.TargetPath = "PrecompiledWeb\localhost_64993\"
		Debug.AspNetCompiler.Updateable = "true"
		Debug.AspNetCompiler.ForceOverwrite = "true"
		Debug.AspNetCompiler.FixedNames = "false"
		Debug.AspNetCompiler.Debug = "True"
		Release.AspNetCompiler.VirtualPath = "/localhost_64993"
		Release.AspNetCompiler.PhysicalPath = "..\esri-jsapi4-angularjs\"
		Release.AspNetCompiler.TargetPath = "PrecompiledWeb\localhost_64993\"
		Release.AspNetCompiler.Updateable = "true"
		Release.AspNetCompiler.ForceOverwrite = "true"
		Release.AspNetCompiler.FixedNames = "false"
		Release.AspNetCompiler.Debug = "False"
		SlnRelativePath = "..\esri-jsapi4-angularjs\"
	EndProjectSection
EndProject
Global
	GlobalSection(SolutionConfigurationPlatforms) = preSolution
		Debug|Any CPU = Debug|Any CPU
	EndGlobalSection
	GlobalSection(ProjectConfigurationPlatforms) = postSolution
		{E650153F-34E7-44B4-A1C3-8EF01C96143D}.Debug|Any CPU.ActiveCfg = Debug|Any CPU
		{E650153F-34E7-44B4-A1C3-8EF01C96143D}.Debug|Any CPU.Build.0 = Debug|Any CPU
	EndGlobalSection
	GlobalSection(SolutionProperties) = preSolution
		HideSolutionNode = FALSE
	EndGlobalSection
EndGlobal
